// !$*UTF8*$!
{
	archiveVersion = 1;
	classes = {
	};
	objectVersion = 55;
	objects = {

/* Begin PBXBuildFile section */
		AD072343283AC02B00786136 /* CommentsCellView.swift in Sources */ = {isa = PBXBuildFile; fileRef = AD072342283AC02B00786136 /* CommentsCellView.swift */; };
		AD072345283AC03E00786136 /* CommentsView.swift in Sources */ = {isa = PBXBuildFile; fileRef = AD072344283AC03E00786136 /* CommentsView.swift */; };
		AD0ACBCC283D3D0D00E54E76 /* CommentsViewModel.swift in Sources */ = {isa = PBXBuildFile; fileRef = AD0ACBCB283D3D0D00E54E76 /* CommentsViewModel.swift */; };
		AD22EDE0283583B20027DF42 /* GridViewModel.swift in Sources */ = {isa = PBXBuildFile; fileRef = AD22EDDF283583B20027DF42 /* GridViewModel.swift */; };
		AD288ABE28333AC000E45FBC /* SearchViewModel.swift in Sources */ = {isa = PBXBuildFile; fileRef = AD288ABD28333AC000E45FBC /* SearchViewModel.swift */; };
		AD2BF0432830FDD8003AD427 /* User.swift in Sources */ = {isa = PBXBuildFile; fileRef = AD2BF0422830FDD8003AD427 /* User.swift */; };
		AD2BF045283143DF003AD427 /* ProfileViewModel.swift in Sources */ = {isa = PBXBuildFile; fileRef = AD2BF044283143DF003AD427 /* ProfileViewModel.swift */; };
		AD37EC25283D04A1007A0D75 /* CommentInputView.swift in Sources */ = {isa = PBXBuildFile; fileRef = AD37EC24283D04A1007A0D75 /* CommentInputView.swift */; };
		AD3F187B282CC24200837D80 /* ProfileHeaderView.swift in Sources */ = {isa = PBXBuildFile; fileRef = AD3F187A282CC24200837D80 /* ProfileHeaderView.swift */; };
		AD3F187D282CC33100837D80 /* UserStats.swift in Sources */ = {isa = PBXBuildFile; fileRef = AD3F187C282CC33100837D80 /* UserStats.swift */; };
		AD44C3C3282AE2070073B943 /* SearchBar.swift in Sources */ = {isa = PBXBuildFile; fileRef = AD44C3C2282AE2070073B943 /* SearchBar.swift */; };
		AD44C3C5282AFAD50073B943 /* Extensions.swift in Sources */ = {isa = PBXBuildFile; fileRef = AD44C3C4282AFAD50073B943 /* Extensions.swift */; };
		AD49CF1A2840706E00576763 /* LazyView.swift in Sources */ = {isa = PBXBuildFile; fileRef = AD49CF192840706E00576763 /* LazyView.swift */; };
		AD49CF1E2840791D00576763 /* MessageChatView.swift in Sources */ = {isa = PBXBuildFile; fileRef = AD49CF1D2840791D00576763 /* MessageChatView.swift */; };
		AD49CF202840794E00576763 /* MessageInputView.swift in Sources */ = {isa = PBXBuildFile; fileRef = AD49CF1F2840794E00576763 /* MessageInputView.swift */; };
		AD49CF2228407DD200576763 /* MessagesViewModel.swift in Sources */ = {isa = PBXBuildFile; fileRef = AD49CF2128407DD200576763 /* MessagesViewModel.swift */; };
		AD4B1409283B6C72002EDBF0 /* NotificationsCellViewModel.swift in Sources */ = {isa = PBXBuildFile; fileRef = AD4B1408283B6C72002EDBF0 /* NotificationsCellViewModel.swift */; };
		AD554DC32827B6D4006DF648 /* InstagramCloneTutorialApp.swift in Sources */ = {isa = PBXBuildFile; fileRef = AD554DC22827B6D4006DF648 /* InstagramCloneTutorialApp.swift */; };
		AD554DC72827B6D7006DF648 /* Assets.xcassets in Resources */ = {isa = PBXBuildFile; fileRef = AD554DC62827B6D7006DF648 /* Assets.xcassets */; };
		AD554DCA2827B6D7006DF648 /* Preview Assets.xcassets in Resources */ = {isa = PBXBuildFile; fileRef = AD554DC92827B6D7006DF648 /* Preview Assets.xcassets */; };
		AD554DDC2827DE98006DF648 /* FirebaseAuth in Frameworks */ = {isa = PBXBuildFile; productRef = AD554DDB2827DE98006DF648 /* FirebaseAuth */; };
		AD554DDE2827DE98006DF648 /* FirebaseDatabase in Frameworks */ = {isa = PBXBuildFile; productRef = AD554DDD2827DE98006DF648 /* FirebaseDatabase */; };
		AD554DE02827DE98006DF648 /* FirebaseFirestore in Frameworks */ = {isa = PBXBuildFile; productRef = AD554DDF2827DE98006DF648 /* FirebaseFirestore */; };
		AD554DE22827DE98006DF648 /* FirebaseFirestoreSwift in Frameworks */ = {isa = PBXBuildFile; productRef = AD554DE12827DE98006DF648 /* FirebaseFirestoreSwift */; };
		AD554DE42827DE98006DF648 /* FirebaseStorage in Frameworks */ = {isa = PBXBuildFile; productRef = AD554DE32827DE98006DF648 /* FirebaseStorage */; };
		AD554DE72827DF1F006DF648 /* Kingfisher in Frameworks */ = {isa = PBXBuildFile; productRef = AD554DE62827DF1F006DF648 /* Kingfisher */; };
		AD554DEE2828086A006DF648 /* ProfileView.swift in Sources */ = {isa = PBXBuildFile; fileRef = AD554DED2828086A006DF648 /* ProfileView.swift */; };
		AD554DF028280877006DF648 /* NotificationsView.swift in Sources */ = {isa = PBXBuildFile; fileRef = AD554DEF28280877006DF648 /* NotificationsView.swift */; };
		AD554DF228280891006DF648 /* SearchView.swift in Sources */ = {isa = PBXBuildFile; fileRef = AD554DF128280891006DF648 /* SearchView.swift */; };
		AD554DF4282808A4006DF648 /* FeedView.swift in Sources */ = {isa = PBXBuildFile; fileRef = AD554DF3282808A4006DF648 /* FeedView.swift */; };
		AD554DF6282808AB006DF648 /* MainView.swift in Sources */ = {isa = PBXBuildFile; fileRef = AD554DF5282808AB006DF648 /* MainView.swift */; };
		AD554DF928281C79006DF648 /* UploadPostView.swift in Sources */ = {isa = PBXBuildFile; fileRef = AD554DF828281C79006DF648 /* UploadPostView.swift */; };
		AD554DFB28281CD0006DF648 /* ContentView.swift in Sources */ = {isa = PBXBuildFile; fileRef = AD554DFA28281CD0006DF648 /* ContentView.swift */; };
		AD554DFD282820DB006DF648 /* FeedCell.swift in Sources */ = {isa = PBXBuildFile; fileRef = AD554DFC282820DB006DF648 /* FeedCell.swift */; };
		AD74612E28301BC70070F355 /* AuthViewModel.swift in Sources */ = {isa = PBXBuildFile; fileRef = AD74612D28301BC70070F355 /* AuthViewModel.swift */; };
		AD7504D6283EAD000063647D /* Comment.swift in Sources */ = {isa = PBXBuildFile; fileRef = AD7504D5283EAD000063647D /* Comment.swift */; };
		AD75FD6528395C2800FE2BA0 /* NotificationViewModel.swift in Sources */ = {isa = PBXBuildFile; fileRef = AD75FD6428395C2800FE2BA0 /* NotificationViewModel.swift */; };
		AD75FD6728395C6500FE2BA0 /* Notifications.swift in Sources */ = {isa = PBXBuildFile; fileRef = AD75FD6628395C6500FE2BA0 /* Notifications.swift */; };
		AD892C262832C4AB00652186 /* Post.swift in Sources */ = {isa = PBXBuildFile; fileRef = AD892C252832C4AB00652186 /* Post.swift */; };
		AD892C282832C5D300652186 /* FeedViewModel.swift in Sources */ = {isa = PBXBuildFile; fileRef = AD892C272832C5D300652186 /* FeedViewModel.swift */; };
		AD9362EF282C2CE100FD5BE2 /* TextArea.swift in Sources */ = {isa = PBXBuildFile; fileRef = AD9362EE282C2CE100FD5BE2 /* TextArea.swift */; };
		AD977402282B5B140078F929 /* UserListView.swift in Sources */ = {isa = PBXBuildFile; fileRef = AD977401282B5B140078F929 /* UserListView.swift */; };
		AD977404282B5B340078F929 /* UserCell.swift in Sources */ = {isa = PBXBuildFile; fileRef = AD977403282B5B340078F929 /* UserCell.swift */; };
		AD977406282B5EE70078F929 /* NotificationCell.swift in Sources */ = {isa = PBXBuildFile; fileRef = AD977405282B5EE70078F929 /* NotificationCell.swift */; };
		AD977409282B8CE00078F929 /* ImagePicker.swift in Sources */ = {isa = PBXBuildFile; fileRef = AD977408282B8CE00078F929 /* ImagePicker.swift */; };
		AD977D5E282988680082957B /* PostGridView.swift in Sources */ = {isa = PBXBuildFile; fileRef = AD977D5D282988680082957B /* PostGridView.swift */; };
		AD9E2FED28374A470045E7E7 /* UserService.swift in Sources */ = {isa = PBXBuildFile; fileRef = AD9E2FEC28374A470045E7E7 /* UserService.swift */; };
		ADAE269D282ECDB900241256 /* GoogleService-Info.plist in Resources */ = {isa = PBXBuildFile; fileRef = ADAE269C282ECDB900241256 /* GoogleService-Info.plist */; };
		ADAE328D2832217D00339BC9 /* ProfileButtonView.swift in Sources */ = {isa = PBXBuildFile; fileRef = ADAE328C2832217D00339BC9 /* ProfileButtonView.swift */; };
		ADAE328F283232FE00339BC9 /* UploadPostViewModel.swift in Sources */ = {isa = PBXBuildFile; fileRef = ADAE328E283232FE00339BC9 /* UploadPostViewModel.swift */; };
		ADCD67C3283258C300001D7B /* ImageUploader.swift in Sources */ = {isa = PBXBuildFile; fileRef = ADCD67C2283258C300001D7B /* ImageUploader.swift */; };
		ADE6607B282D0D8D001586BC /* RegisterView.swift in Sources */ = {isa = PBXBuildFile; fileRef = ADE6607A282D0D8D001586BC /* RegisterView.swift */; };
		ADE6607D282D0D9F001586BC /* SignInView.swift in Sources */ = {isa = PBXBuildFile; fileRef = ADE6607C282D0D9F001586BC /* SignInView.swift */; };
		ADE6607F282D0E96001586BC /* CustomTextField.swift in Sources */ = {isa = PBXBuildFile; fileRef = ADE6607E282D0E96001586BC /* CustomTextField.swift */; };
		ADE66083282D1EA4001586BC /* CustomSecureField.swift in Sources */ = {isa = PBXBuildFile; fileRef = ADE66082282D1EA4001586BC /* CustomSecureField.swift */; };
		ADE66085282D3448001586BC /* ForgotPasswordView.swift in Sources */ = {isa = PBXBuildFile; fileRef = ADE66084282D3448001586BC /* ForgotPasswordView.swift */; };
		ADFF909F2835E7E1006DD74B /* FeedCellViewModel.swift in Sources */ = {isa = PBXBuildFile; fileRef = ADFF909E2835E7E1006DD74B /* FeedCellViewModel.swift */; };
/* End PBXBuildFile section */

/* Begin PBXFileReference section */
		AD072342283AC02B00786136 /* CommentsCellView.swift */ = {isa = PBXFileReference; lastKnownFileType = sourcecode.swift; path = CommentsCellView.swift; sourceTree = "<group>"; };
		AD072344283AC03E00786136 /* CommentsView.swift */ = {isa = PBXFileReference; lastKnownFileType = sourcecode.swift; path = CommentsView.swift; sourceTree = "<group>"; };
		AD0ACBCB283D3D0D00E54E76 /* CommentsViewModel.swift */ = {isa = PBXFileReference; lastKnownFileType = sourcecode.swift; path = CommentsViewModel.swift; sourceTree = "<group>"; };
		AD22EDDF283583B20027DF42 /* GridViewModel.swift */ = {isa = PBXFileReference; lastKnownFileType = sourcecode.swift; path = GridViewModel.swift; sourceTree = "<group>"; };
		AD288ABD28333AC000E45FBC /* SearchViewModel.swift */ = {isa = PBXFileReference; lastKnownFileType = sourcecode.swift; path = SearchViewModel.swift; sourceTree = "<group>"; };
		AD2BF0422830FDD8003AD427 /* User.swift */ = {isa = PBXFileReference; lastKnownFileType = sourcecode.swift; path = User.swift; sourceTree = "<group>"; };
		AD2BF044283143DF003AD427 /* ProfileViewModel.swift */ = {isa = PBXFileReference; lastKnownFileType = sourcecode.swift; path = ProfileViewModel.swift; sourceTree = "<group>"; };
		AD37EC24283D04A1007A0D75 /* CommentInputView.swift */ = {isa = PBXFileReference; lastKnownFileType = sourcecode.swift; path = CommentInputView.swift; sourceTree = "<group>"; };
		AD3F187A282CC24200837D80 /* ProfileHeaderView.swift */ = {isa = PBXFileReference; lastKnownFileType = sourcecode.swift; path = ProfileHeaderView.swift; sourceTree = "<group>"; };
		AD3F187C282CC33100837D80 /* UserStats.swift */ = {isa = PBXFileReference; lastKnownFileType = sourcecode.swift; path = UserStats.swift; sourceTree = "<group>"; };
		AD44C3C2282AE2070073B943 /* SearchBar.swift */ = {isa = PBXFileReference; lastKnownFileType = sourcecode.swift; path = SearchBar.swift; sourceTree = "<group>"; };
		AD44C3C4282AFAD50073B943 /* Extensions.swift */ = {isa = PBXFileReference; lastKnownFileType = sourcecode.swift; path = Extensions.swift; sourceTree = "<group>"; };
		AD49CF192840706E00576763 /* LazyView.swift */ = {isa = PBXFileReference; lastKnownFileType = sourcecode.swift; path = LazyView.swift; sourceTree = "<group>"; };
		AD49CF1D2840791D00576763 /* MessageChatView.swift */ = {isa = PBXFileReference; lastKnownFileType = sourcecode.swift; path = MessageChatView.swift; sourceTree = "<group>"; };
		AD49CF1F2840794E00576763 /* MessageInputView.swift */ = {isa = PBXFileReference; lastKnownFileType = sourcecode.swift; path = MessageInputView.swift; sourceTree = "<group>"; };
		AD49CF2128407DD200576763 /* MessagesViewModel.swift */ = {isa = PBXFileReference; lastKnownFileType = sourcecode.swift; path = MessagesViewModel.swift; sourceTree = "<group>"; };
		AD4B1408283B6C72002EDBF0 /* NotificationsCellViewModel.swift */ = {isa = PBXFileReference; lastKnownFileType = sourcecode.swift; path = NotificationsCellViewModel.swift; sourceTree = "<group>"; };
		AD554DBF2827B6D4006DF648 /* InstagramCloneTutorial.app */ = {isa = PBXFileReference; explicitFileType = wrapper.application; includeInIndex = 0; path = InstagramCloneTutorial.app; sourceTree = BUILT_PRODUCTS_DIR; };
		AD554DC22827B6D4006DF648 /* InstagramCloneTutorialApp.swift */ = {isa = PBXFileReference; lastKnownFileType = sourcecode.swift; path = InstagramCloneTutorialApp.swift; sourceTree = "<group>"; };
		AD554DC62827B6D7006DF648 /* Assets.xcassets */ = {isa = PBXFileReference; lastKnownFileType = folder.assetcatalog; path = Assets.xcassets; sourceTree = "<group>"; };
		AD554DC92827B6D7006DF648 /* Preview Assets.xcassets */ = {isa = PBXFileReference; lastKnownFileType = folder.assetcatalog; path = "Preview Assets.xcassets"; sourceTree = "<group>"; };
		AD554DED2828086A006DF648 /* ProfileView.swift */ = {isa = PBXFileReference; lastKnownFileType = sourcecode.swift; path = ProfileView.swift; sourceTree = "<group>"; };
		AD554DEF28280877006DF648 /* NotificationsView.swift */ = {isa = PBXFileReference; lastKnownFileType = sourcecode.swift; path = NotificationsView.swift; sourceTree = "<group>"; };
		AD554DF128280891006DF648 /* SearchView.swift */ = {isa = PBXFileReference; lastKnownFileType = sourcecode.swift; path = SearchView.swift; sourceTree = "<group>"; };
		AD554DF3282808A4006DF648 /* FeedView.swift */ = {isa = PBXFileReference; lastKnownFileType = sourcecode.swift; path = FeedView.swift; sourceTree = "<group>"; };
		AD554DF5282808AB006DF648 /* MainView.swift */ = {isa = PBXFileReference; lastKnownFileType = sourcecode.swift; path = MainView.swift; sourceTree = "<group>"; };
		AD554DF828281C79006DF648 /* UploadPostView.swift */ = {isa = PBXFileReference; lastKnownFileType = sourcecode.swift; path = UploadPostView.swift; sourceTree = "<group>"; };
		AD554DFA28281CD0006DF648 /* ContentView.swift */ = {isa = PBXFileReference; lastKnownFileType = sourcecode.swift; path = ContentView.swift; sourceTree = "<group>"; };
		AD554DFC282820DB006DF648 /* FeedCell.swift */ = {isa = PBXFileReference; lastKnownFileType = sourcecode.swift; path = FeedCell.swift; sourceTree = "<group>"; };
		AD74612D28301BC70070F355 /* AuthViewModel.swift */ = {isa = PBXFileReference; lastKnownFileType = sourcecode.swift; path = AuthViewModel.swift; sourceTree = "<group>"; };
		AD7504D5283EAD000063647D /* Comment.swift */ = {isa = PBXFileReference; lastKnownFileType = sourcecode.swift; path = Comment.swift; sourceTree = "<group>"; };
		AD75FD6428395C2800FE2BA0 /* NotificationViewModel.swift */ = {isa = PBXFileReference; lastKnownFileType = sourcecode.swift; path = NotificationViewModel.swift; sourceTree = "<group>"; };
		AD75FD6628395C6500FE2BA0 /* Notifications.swift */ = {isa = PBXFileReference; lastKnownFileType = sourcecode.swift; path = Notifications.swift; sourceTree = "<group>"; };
		AD892C252832C4AB00652186 /* Post.swift */ = {isa = PBXFileReference; lastKnownFileType = sourcecode.swift; path = Post.swift; sourceTree = "<group>"; };
		AD892C272832C5D300652186 /* FeedViewModel.swift */ = {isa = PBXFileReference; lastKnownFileType = sourcecode.swift; path = FeedViewModel.swift; sourceTree = "<group>"; };
		AD9362EE282C2CE100FD5BE2 /* TextArea.swift */ = {isa = PBXFileReference; lastKnownFileType = sourcecode.swift; path = TextArea.swift; sourceTree = "<group>"; };
		AD977401282B5B140078F929 /* UserListView.swift */ = {isa = PBXFileReference; lastKnownFileType = sourcecode.swift; path = UserListView.swift; sourceTree = "<group>"; };
		AD977403282B5B340078F929 /* UserCell.swift */ = {isa = PBXFileReference; lastKnownFileType = sourcecode.swift; path = UserCell.swift; sourceTree = "<group>"; };
		AD977405282B5EE70078F929 /* NotificationCell.swift */ = {isa = PBXFileReference; lastKnownFileType = sourcecode.swift; path = NotificationCell.swift; sourceTree = "<group>"; };
		AD977408282B8CE00078F929 /* ImagePicker.swift */ = {isa = PBXFileReference; lastKnownFileType = sourcecode.swift; path = ImagePicker.swift; sourceTree = "<group>"; };
		AD977D5D282988680082957B /* PostGridView.swift */ = {isa = PBXFileReference; lastKnownFileType = sourcecode.swift; path = PostGridView.swift; sourceTree = "<group>"; };
		AD9E2FEC28374A470045E7E7 /* UserService.swift */ = {isa = PBXFileReference; lastKnownFileType = sourcecode.swift; path = UserService.swift; sourceTree = "<group>"; };
		ADAE269C282ECDB900241256 /* GoogleService-Info.plist */ = {isa = PBXFileReference; fileEncoding = 4; lastKnownFileType = text.plist.xml; path = "GoogleService-Info.plist"; sourceTree = "<group>"; };
		ADAE328C2832217D00339BC9 /* ProfileButtonView.swift */ = {isa = PBXFileReference; lastKnownFileType = sourcecode.swift; path = ProfileButtonView.swift; sourceTree = "<group>"; };
		ADAE328E283232FE00339BC9 /* UploadPostViewModel.swift */ = {isa = PBXFileReference; lastKnownFileType = sourcecode.swift; path = UploadPostViewModel.swift; sourceTree = "<group>"; };
		ADCD67C2283258C300001D7B /* ImageUploader.swift */ = {isa = PBXFileReference; lastKnownFileType = sourcecode.swift; path = ImageUploader.swift; sourceTree = "<group>"; };
		ADE6607A282D0D8D001586BC /* RegisterView.swift */ = {isa = PBXFileReference; lastKnownFileType = sourcecode.swift; path = RegisterView.swift; sourceTree = "<group>"; };
		ADE6607C282D0D9F001586BC /* SignInView.swift */ = {isa = PBXFileReference; lastKnownFileType = sourcecode.swift; path = SignInView.swift; sourceTree = "<group>"; };
		ADE6607E282D0E96001586BC /* CustomTextField.swift */ = {isa = PBXFileReference; lastKnownFileType = sourcecode.swift; path = CustomTextField.swift; sourceTree = "<group>"; };
		ADE66082282D1EA4001586BC /* CustomSecureField.swift */ = {isa = PBXFileReference; lastKnownFileType = sourcecode.swift; path = CustomSecureField.swift; sourceTree = "<group>"; };
		ADE66084282D3448001586BC /* ForgotPasswordView.swift */ = {isa = PBXFileReference; lastKnownFileType = sourcecode.swift; path = ForgotPasswordView.swift; sourceTree = "<group>"; };
		ADFF909E2835E7E1006DD74B /* FeedCellViewModel.swift */ = {isa = PBXFileReference; lastKnownFileType = sourcecode.swift; path = FeedCellViewModel.swift; sourceTree = "<group>"; };
/* End PBXFileReference section */

/* Begin PBXFrameworksBuildPhase section */
		AD554DBC2827B6D4006DF648 /* Frameworks */ = {
			isa = PBXFrameworksBuildPhase;
			buildActionMask = 2147483647;
			files = (
				AD554DE72827DF1F006DF648 /* Kingfisher in Frameworks */,
				AD554DDE2827DE98006DF648 /* FirebaseDatabase in Frameworks */,
				AD554DDC2827DE98006DF648 /* FirebaseAuth in Frameworks */,
				AD554DE02827DE98006DF648 /* FirebaseFirestore in Frameworks */,
				AD554DE42827DE98006DF648 /* FirebaseStorage in Frameworks */,
				AD554DE22827DE98006DF648 /* FirebaseFirestoreSwift in Frameworks */,
			);
			runOnlyForDeploymentPostprocessing = 0;
		};
/* End PBXFrameworksBuildPhase section */

/* Begin PBXGroup section */
		AD072341283ABFFF00786136 /* Comments */ = {
			isa = PBXGroup;
			children = (
				AD072342283AC02B00786136 /* CommentsCellView.swift */,
				AD072344283AC03E00786136 /* CommentsView.swift */,
			);
			path = Comments;
			sourceTree = "<group>";
		};
		AD0ACBCA283D3CEE00E54E76 /* Comments */ = {
			isa = PBXGroup;
			children = (
				AD0ACBCB283D3D0D00E54E76 /* CommentsViewModel.swift */,
			);
			path = Comments;
			sourceTree = "<group>";
		};
		AD22EDDE283583940027DF42 /* Items */ = {
			isa = PBXGroup;
			children = (
				AD22EDDF283583B20027DF42 /* GridViewModel.swift */,
			);
			path = Items;
			sourceTree = "<group>";
		};
		AD49CF1B284078E700576763 /* Messages */ = {
			isa = PBXGroup;
			children = (
				AD49CF1D2840791D00576763 /* MessageChatView.swift */,
			);
			path = Messages;
			sourceTree = "<group>";
		};
		AD49CF1C284078FA00576763 /* Messages */ = {
			isa = PBXGroup;
			children = (
				AD49CF2128407DD200576763 /* MessagesViewModel.swift */,
			);
			path = Messages;
			sourceTree = "<group>";
		};
		AD554DB62827B6D4006DF648 = {
			isa = PBXGroup;
			children = (
				AD554DC12827B6D4006DF648 /* InstagramCloneTutorial */,
				AD554DC02827B6D4006DF648 /* Products */,
			);
			sourceTree = "<group>";
		};
		AD554DC02827B6D4006DF648 /* Products */ = {
			isa = PBXGroup;
			children = (
				AD554DBF2827B6D4006DF648 /* InstagramCloneTutorial.app */,
			);
			name = Products;
			sourceTree = "<group>";
		};
		AD554DC12827B6D4006DF648 /* InstagramCloneTutorial */ = {
			isa = PBXGroup;
			children = (
				AD554DD92827DB5E006DF648 /* API */,
				AD554DD82827B7CF006DF648 /* Utils */,
				AD554DD72827B7CC006DF648 /* Model */,
				AD554DD62827B7BF006DF648 /* View */,
				AD554DD52827B7B0006DF648 /* ViewModel */,
				AD554DC22827B6D4006DF648 /* InstagramCloneTutorialApp.swift */,
				AD554DC62827B6D7006DF648 /* Assets.xcassets */,
				AD554DC82827B6D7006DF648 /* Preview Content */,
			);
			path = InstagramCloneTutorial;
			sourceTree = "<group>";
		};
		AD554DC82827B6D7006DF648 /* Preview Content */ = {
			isa = PBXGroup;
			children = (
				AD554DC92827B6D7006DF648 /* Preview Assets.xcassets */,
			);
			path = "Preview Content";
			sourceTree = "<group>";
		};
		AD554DD52827B7B0006DF648 /* ViewModel */ = {
			isa = PBXGroup;
			children = (
				AD49CF1C284078FA00576763 /* Messages */,
				AD0ACBCA283D3CEE00E54E76 /* Comments */,
				AD75FD6328395C1400FE2BA0 /* Notifications */,
				AD22EDDE283583940027DF42 /* Items */,
				AD74612C28301BA90070F355 /* Profile */,
				AD74612B28301BA40070F355 /* Upload */,
				AD74612A28301B9F0070F355 /* Search */,
				AD74612928301B9C0070F355 /* Feed */,
				AD74612828301B920070F355 /* Authentication */,
				ADAE269C282ECDB900241256 /* GoogleService-Info.plist */,
			);
			name = ViewModel;
			path = "VİEWMODEL";
			sourceTree = "<group>";
		};
		AD554DD62827B7BF006DF648 /* View */ = {
			isa = PBXGroup;
			children = (
				AD49CF1B284078E700576763 /* Messages */,
				AD072341283ABFFF00786136 /* Comments */,
				ADE66079282D0D6D001586BC /* Authentications */,
				AD977D5C282988510082957B /* Items */,
				AD554DF72828093E006DF648 /* UploadPost */,
				AD554DEC28280849006DF648 /* Profile */,
				AD554DEB28280836006DF648 /* Notifications */,
				AD554DEA2828082A006DF648 /* Search */,
				AD554DE928280820006DF648 /* Feed */,
				AD554DE82828081A006DF648 /* Main */,
			);
			path = View;
			sourceTree = "<group>";
		};
		AD554DD72827B7CC006DF648 /* Model */ = {
			isa = PBXGroup;
			children = (
				AD2BF0422830FDD8003AD427 /* User.swift */,
				AD892C252832C4AB00652186 /* Post.swift */,
				AD75FD6628395C6500FE2BA0 /* Notifications.swift */,
				AD7504D5283EAD000063647D /* Comment.swift */,
			);
			path = Model;
			sourceTree = "<group>";
		};
		AD554DD82827B7CF006DF648 /* Utils */ = {
			isa = PBXGroup;
			children = (
				AD44C3C4282AFAD50073B943 /* Extensions.swift */,
				AD977408282B8CE00078F929 /* ImagePicker.swift */,
				ADE6607E282D0E96001586BC /* CustomTextField.swift */,
				ADE66082282D1EA4001586BC /* CustomSecureField.swift */,
			);
			path = Utils;
			sourceTree = "<group>";
		};
		AD554DD92827DB5E006DF648 /* API */ = {
			isa = PBXGroup;
			children = (
				ADCD67C2283258C300001D7B /* ImageUploader.swift */,
				AD9E2FEC28374A470045E7E7 /* UserService.swift */,
			);
			path = API;
			sourceTree = "<group>";
		};
		AD554DE82828081A006DF648 /* Main */ = {
			isa = PBXGroup;
			children = (
				AD554DF5282808AB006DF648 /* MainView.swift */,
				AD554DFA28281CD0006DF648 /* ContentView.swift */,
			);
			path = Main;
			sourceTree = "<group>";
		};
		AD554DE928280820006DF648 /* Feed */ = {
			isa = PBXGroup;
			children = (
				AD554DF3282808A4006DF648 /* FeedView.swift */,
				AD554DFC282820DB006DF648 /* FeedCell.swift */,
			);
			path = Feed;
			sourceTree = "<group>";
		};
		AD554DEA2828082A006DF648 /* Search */ = {
			isa = PBXGroup;
			children = (
				AD554DF128280891006DF648 /* SearchView.swift */,
				AD44C3C2282AE2070073B943 /* SearchBar.swift */,
			);
			path = Search;
			sourceTree = "<group>";
		};
		AD554DEB28280836006DF648 /* Notifications */ = {
			isa = PBXGroup;
			children = (
				AD554DEF28280877006DF648 /* NotificationsView.swift */,
				AD977405282B5EE70078F929 /* NotificationCell.swift */,
			);
			path = Notifications;
			sourceTree = "<group>";
		};
		AD554DEC28280849006DF648 /* Profile */ = {
			isa = PBXGroup;
			children = (
				AD554DED2828086A006DF648 /* ProfileView.swift */,
				AD3F187A282CC24200837D80 /* ProfileHeaderView.swift */,
				AD3F187C282CC33100837D80 /* UserStats.swift */,
				ADAE328C2832217D00339BC9 /* ProfileButtonView.swift */,
			);
			path = Profile;
			sourceTree = "<group>";
		};
		AD554DF72828093E006DF648 /* UploadPost */ = {
			isa = PBXGroup;
			children = (
				AD554DF828281C79006DF648 /* UploadPostView.swift */,
			);
			path = UploadPost;
			sourceTree = "<group>";
		};
		AD74612828301B920070F355 /* Authentication */ = {
			isa = PBXGroup;
			children = (
				AD74612D28301BC70070F355 /* AuthViewModel.swift */,
			);
			path = Authentication;
			sourceTree = "<group>";
		};
		AD74612928301B9C0070F355 /* Feed */ = {
			isa = PBXGroup;
			children = (
				AD892C272832C5D300652186 /* FeedViewModel.swift */,
				ADFF909E2835E7E1006DD74B /* FeedCellViewModel.swift */,
			);
			path = Feed;
			sourceTree = "<group>";
		};
		AD74612A28301B9F0070F355 /* Search */ = {
			isa = PBXGroup;
			children = (
				AD288ABD28333AC000E45FBC /* SearchViewModel.swift */,
			);
			path = Search;
			sourceTree = "<group>";
		};
		AD74612B28301BA40070F355 /* Upload */ = {
			isa = PBXGroup;
			children = (
				ADAE328E283232FE00339BC9 /* UploadPostViewModel.swift */,
			);
			path = Upload;
			sourceTree = "<group>";
		};
		AD74612C28301BA90070F355 /* Profile */ = {
			isa = PBXGroup;
			children = (
				AD2BF044283143DF003AD427 /* ProfileViewModel.swift */,
			);
			path = Profile;
			sourceTree = "<group>";
		};
		AD75FD6328395C1400FE2BA0 /* Notifications */ = {
			isa = PBXGroup;
			children = (
				AD75FD6428395C2800FE2BA0 /* NotificationViewModel.swift */,
				AD4B1408283B6C72002EDBF0 /* NotificationsCellViewModel.swift */,
			);
			path = Notifications;
			sourceTree = "<group>";
		};
		AD977D5C282988510082957B /* Items */ = {
			isa = PBXGroup;
			children = (
				AD977D5D282988680082957B /* PostGridView.swift */,
				AD977401282B5B140078F929 /* UserListView.swift */,
				AD977403282B5B340078F929 /* UserCell.swift */,
				AD9362EE282C2CE100FD5BE2 /* TextArea.swift */,
				AD37EC24283D04A1007A0D75 /* CommentInputView.swift */,
				AD49CF192840706E00576763 /* LazyView.swift */,
				AD49CF1F2840794E00576763 /* MessageInputView.swift */,
			);
			path = Items;
			sourceTree = "<group>";
		};
		ADE66079282D0D6D001586BC /* Authentications */ = {
			isa = PBXGroup;
			children = (
				ADE6607A282D0D8D001586BC /* RegisterView.swift */,
				ADE6607C282D0D9F001586BC /* SignInView.swift */,
				ADE66084282D3448001586BC /* ForgotPasswordView.swift */,
			);
			path = Authentications;
			sourceTree = "<group>";
		};
/* End PBXGroup section */

/* Begin PBXNativeTarget section */
		AD554DBE2827B6D4006DF648 /* InstagramCloneTutorial */ = {
			isa = PBXNativeTarget;
			buildConfigurationList = AD554DCD2827B6D7006DF648 /* Build configuration list for PBXNativeTarget "InstagramCloneTutorial" */;
			buildPhases = (
				AD554DBB2827B6D4006DF648 /* Sources */,
				AD554DBC2827B6D4006DF648 /* Frameworks */,
				AD554DBD2827B6D4006DF648 /* Resources */,
			);
			buildRules = (
			);
			dependencies = (
			);
			name = InstagramCloneTutorial;
			packageProductDependencies = (
				AD554DDB2827DE98006DF648 /* FirebaseAuth */,
				AD554DDD2827DE98006DF648 /* FirebaseDatabase */,
				AD554DDF2827DE98006DF648 /* FirebaseFirestore */,
				AD554DE12827DE98006DF648 /* FirebaseFirestoreSwift */,
				AD554DE32827DE98006DF648 /* FirebaseStorage */,
				AD554DE62827DF1F006DF648 /* Kingfisher */,
			);
			productName = InstagramCloneTutorial;
			productReference = AD554DBF2827B6D4006DF648 /* InstagramCloneTutorial.app */;
			productType = "com.apple.product-type.application";
		};
/* End PBXNativeTarget section */

/* Begin PBXProject section */
		AD554DB72827B6D4006DF648 /* Project object */ = {
			isa = PBXProject;
			attributes = {
				BuildIndependentTargetsInParallel = 1;
				LastSwiftUpdateCheck = 1330;
				LastUpgradeCheck = 1330;
				TargetAttributes = {
					AD554DBE2827B6D4006DF648 = {
						CreatedOnToolsVersion = 13.3.1;
					};
				};
			};
			buildConfigurationList = AD554DBA2827B6D4006DF648 /* Build configuration list for PBXProject "InstagramCloneTutorial" */;
			compatibilityVersion = "Xcode 13.0";
			developmentRegion = en;
			hasScannedForEncodings = 0;
			knownRegions = (
				en,
				Base,
			);
			mainGroup = AD554DB62827B6D4006DF648;
			packageReferences = (
				AD554DDA2827DE98006DF648 /* XCRemoteSwiftPackageReference "firebase-ios-sdk" */,
				AD554DE52827DF1E006DF648 /* XCRemoteSwiftPackageReference "Kingfisher" */,
			);
			productRefGroup = AD554DC02827B6D4006DF648 /* Products */;
			projectDirPath = "";
			projectRoot = "";
			targets = (
				AD554DBE2827B6D4006DF648 /* InstagramCloneTutorial */,
			);
		};
/* End PBXProject section */

/* Begin PBXResourcesBuildPhase section */
		AD554DBD2827B6D4006DF648 /* Resources */ = {
			isa = PBXResourcesBuildPhase;
			buildActionMask = 2147483647;
			files = (
				AD554DCA2827B6D7006DF648 /* Preview Assets.xcassets in Resources */,
				AD554DC72827B6D7006DF648 /* Assets.xcassets in Resources */,
				ADAE269D282ECDB900241256 /* GoogleService-Info.plist in Resources */,
			);
			runOnlyForDeploymentPostprocessing = 0;
		};
/* End PBXResourcesBuildPhase section */

/* Begin PBXSourcesBuildPhase section */
		AD554DBB2827B6D4006DF648 /* Sources */ = {
			isa = PBXSourcesBuildPhase;
			buildActionMask = 2147483647;
			files = (
				AD49CF1E2840791D00576763 /* MessageChatView.swift in Sources */,
				AD288ABE28333AC000E45FBC /* SearchViewModel.swift in Sources */,
				AD072343283AC02B00786136 /* CommentsCellView.swift in Sources */,
				AD2BF0432830FDD8003AD427 /* User.swift in Sources */,
				AD554DF228280891006DF648 /* SearchView.swift in Sources */,
				AD49CF202840794E00576763 /* MessageInputView.swift in Sources */,
				AD49CF2228407DD200576763 /* MessagesViewModel.swift in Sources */,
				ADE6607B282D0D8D001586BC /* RegisterView.swift in Sources */,
				AD2BF045283143DF003AD427 /* ProfileViewModel.swift in Sources */,
				AD554DF6282808AB006DF648 /* MainView.swift in Sources */,
				AD554DFB28281CD0006DF648 /* ContentView.swift in Sources */,
				AD554DEE2828086A006DF648 /* ProfileView.swift in Sources */,
				AD554DC32827B6D4006DF648 /* InstagramCloneTutorialApp.swift in Sources */,
				AD75FD6528395C2800FE2BA0 /* NotificationViewModel.swift in Sources */,
				AD554DF928281C79006DF648 /* UploadPostView.swift in Sources */,
				AD977404282B5B340078F929 /* UserCell.swift in Sources */,
				AD554DF4282808A4006DF648 /* FeedView.swift in Sources */,
				AD44C3C5282AFAD50073B943 /* Extensions.swift in Sources */,
				AD7504D6283EAD000063647D /* Comment.swift in Sources */,
				ADE66085282D3448001586BC /* ForgotPasswordView.swift in Sources */,
				AD554DF028280877006DF648 /* NotificationsView.swift in Sources */,
				AD892C282832C5D300652186 /* FeedViewModel.swift in Sources */,
				ADFF909F2835E7E1006DD74B /* FeedCellViewModel.swift in Sources */,
				AD9362EF282C2CE100FD5BE2 /* TextArea.swift in Sources */,
				ADE6607F282D0E96001586BC /* CustomTextField.swift in Sources */,
				AD75FD6728395C6500FE2BA0 /* Notifications.swift in Sources */,
				AD072345283AC03E00786136 /* CommentsView.swift in Sources */,
				AD977D5E282988680082957B /* PostGridView.swift in Sources */,
				AD9E2FED28374A470045E7E7 /* UserService.swift in Sources */,
				ADCD67C3283258C300001D7B /* ImageUploader.swift in Sources */,
				ADAE328F283232FE00339BC9 /* UploadPostViewModel.swift in Sources */,
				AD3F187D282CC33100837D80 /* UserStats.swift in Sources */,
				AD892C262832C4AB00652186 /* Post.swift in Sources */,
				AD4B1409283B6C72002EDBF0 /* NotificationsCellViewModel.swift in Sources */,
				AD44C3C3282AE2070073B943 /* SearchBar.swift in Sources */,
				ADE6607D282D0D9F001586BC /* SignInView.swift in Sources */,
				AD49CF1A2840706E00576763 /* LazyView.swift in Sources */,
				AD0ACBCC283D3D0D00E54E76 /* CommentsViewModel.swift in Sources */,
				AD3F187B282CC24200837D80 /* ProfileHeaderView.swift in Sources */,
				AD554DFD282820DB006DF648 /* FeedCell.swift in Sources */,
				ADAE328D2832217D00339BC9 /* ProfileButtonView.swift in Sources */,
				AD74612E28301BC70070F355 /* AuthViewModel.swift in Sources */,
				ADE66083282D1EA4001586BC /* CustomSecureField.swift in Sources */,
				AD37EC25283D04A1007A0D75 /* CommentInputView.swift in Sources */,
				AD977409282B8CE00078F929 /* ImagePicker.swift in Sources */,
				AD977406282B5EE70078F929 /* NotificationCell.swift in Sources */,
				AD22EDE0283583B20027DF42 /* GridViewModel.swift in Sources */,
				AD977402282B5B140078F929 /* UserListView.swift in Sources */,
			);
			runOnlyForDeploymentPostprocessing = 0;
		};
/* End PBXSourcesBuildPhase section */

/* Begin XCBuildConfiguration section */
		AD554DCB2827B6D7006DF648 /* Debug */ = {
			isa = XCBuildConfiguration;
			buildSettings = {
				ALWAYS_SEARCH_USER_PATHS = NO;
				CLANG_ANALYZER_NONNULL = YES;
				CLANG_ANALYZER_NUMBER_OBJECT_CONVERSION = YES_AGGRESSIVE;
				CLANG_CXX_LANGUAGE_STANDARD = "gnu++17";
				CLANG_ENABLE_MODULES = YES;
				CLANG_ENABLE_OBJC_ARC = YES;
				CLANG_ENABLE_OBJC_WEAK = YES;
				CLANG_WARN_BLOCK_CAPTURE_AUTORELEASING = YES;
				CLANG_WARN_BOOL_CONVERSION = YES;
				CLANG_WARN_COMMA = YES;
				CLANG_WARN_CONSTANT_CONVERSION = YES;
				CLANG_WARN_DEPRECATED_OBJC_IMPLEMENTATIONS = YES;
				CLANG_WARN_DIRECT_OBJC_ISA_USAGE = YES_ERROR;
				CLANG_WARN_DOCUMENTATION_COMMENTS = YES;
				CLANG_WARN_EMPTY_BODY = YES;
				CLANG_WARN_ENUM_CONVERSION = YES;
				CLANG_WARN_INFINITE_RECURSION = YES;
				CLANG_WARN_INT_CONVERSION = YES;
				CLANG_WARN_NON_LITERAL_NULL_CONVERSION = YES;
				CLANG_WARN_OBJC_IMPLICIT_RETAIN_SELF = YES;
				CLANG_WARN_OBJC_LITERAL_CONVERSION = YES;
				CLANG_WARN_OBJC_ROOT_CLASS = YES_ERROR;
				CLANG_WARN_QUOTED_INCLUDE_IN_FRAMEWORK_HEADER = YES;
				CLANG_WARN_RANGE_LOOP_ANALYSIS = YES;
				CLANG_WARN_STRICT_PROTOTYPES = YES;
				CLANG_WARN_SUSPICIOUS_MOVE = YES;
				CLANG_WARN_UNGUARDED_AVAILABILITY = YES_AGGRESSIVE;
				CLANG_WARN_UNREACHABLE_CODE = YES;
				CLANG_WARN__DUPLICATE_METHOD_MATCH = YES;
				COPY_PHASE_STRIP = NO;
				DEBUG_INFORMATION_FORMAT = dwarf;
				ENABLE_STRICT_OBJC_MSGSEND = YES;
				ENABLE_TESTABILITY = YES;
				GCC_C_LANGUAGE_STANDARD = gnu11;
				GCC_DYNAMIC_NO_PIC = NO;
				GCC_NO_COMMON_BLOCKS = YES;
				GCC_OPTIMIZATION_LEVEL = 0;
				GCC_PREPROCESSOR_DEFINITIONS = (
					"DEBUG=1",
					"$(inherited)",
				);
				GCC_WARN_64_TO_32_BIT_CONVERSION = YES;
				GCC_WARN_ABOUT_RETURN_TYPE = YES_ERROR;
				GCC_WARN_UNDECLARED_SELECTOR = YES;
				GCC_WARN_UNINITIALIZED_AUTOS = YES_AGGRESSIVE;
				GCC_WARN_UNUSED_FUNCTION = YES;
				GCC_WARN_UNUSED_VARIABLE = YES;
				IPHONEOS_DEPLOYMENT_TARGET = 15.4;
				MTL_ENABLE_DEBUG_INFO = INCLUDE_SOURCE;
				MTL_FAST_MATH = YES;
				ONLY_ACTIVE_ARCH = YES;
				SDKROOT = iphoneos;
				SWIFT_ACTIVE_COMPILATION_CONDITIONS = DEBUG;
				SWIFT_OPTIMIZATION_LEVEL = "-Onone";
			};
			name = Debug;
		};
		AD554DCC2827B6D7006DF648 /* Release */ = {
			isa = XCBuildConfiguration;
			buildSettings = {
				ALWAYS_SEARCH_USER_PATHS = NO;
				CLANG_ANALYZER_NONNULL = YES;
				CLANG_ANALYZER_NUMBER_OBJECT_CONVERSION = YES_AGGRESSIVE;
				CLANG_CXX_LANGUAGE_STANDARD = "gnu++17";
				CLANG_ENABLE_MODULES = YES;
				CLANG_ENABLE_OBJC_ARC = YES;
				CLANG_ENABLE_OBJC_WEAK = YES;
				CLANG_WARN_BLOCK_CAPTURE_AUTORELEASING = YES;
				CLANG_WARN_BOOL_CONVERSION = YES;
				CLANG_WARN_COMMA = YES;
				CLANG_WARN_CONSTANT_CONVERSION = YES;
				CLANG_WARN_DEPRECATED_OBJC_IMPLEMENTATIONS = YES;
				CLANG_WARN_DIRECT_OBJC_ISA_USAGE = YES_ERROR;
				CLANG_WARN_DOCUMENTATION_COMMENTS = YES;
				CLANG_WARN_EMPTY_BODY = YES;
				CLANG_WARN_ENUM_CONVERSION = YES;
				CLANG_WARN_INFINITE_RECURSION = YES;
				CLANG_WARN_INT_CONVERSION = YES;
				CLANG_WARN_NON_LITERAL_NULL_CONVERSION = YES;
				CLANG_WARN_OBJC_IMPLICIT_RETAIN_SELF = YES;
				CLANG_WARN_OBJC_LITERAL_CONVERSION = YES;
				CLANG_WARN_OBJC_ROOT_CLASS = YES_ERROR;
				CLANG_WARN_QUOTED_INCLUDE_IN_FRAMEWORK_HEADER = YES;
				CLANG_WARN_RANGE_LOOP_ANALYSIS = YES;
				CLANG_WARN_STRICT_PROTOTYPES = YES;
				CLANG_WARN_SUSPICIOUS_MOVE = YES;
				CLANG_WARN_UNGUARDED_AVAILABILITY = YES_AGGRESSIVE;
				CLANG_WARN_UNREACHABLE_CODE = YES;
				CLANG_WARN__DUPLICATE_METHOD_MATCH = YES;
				COPY_PHASE_STRIP = NO;
				DEBUG_INFORMATION_FORMAT = "dwarf-with-dsym";
				ENABLE_NS_ASSERTIONS = NO;
				ENABLE_STRICT_OBJC_MSGSEND = YES;
				GCC_C_LANGUAGE_STANDARD = gnu11;
				GCC_NO_COMMON_BLOCKS = YES;
				GCC_WARN_64_TO_32_BIT_CONVERSION = YES;
				GCC_WARN_ABOUT_RETURN_TYPE = YES_ERROR;
				GCC_WARN_UNDECLARED_SELECTOR = YES;
				GCC_WARN_UNINITIALIZED_AUTOS = YES_AGGRESSIVE;
				GCC_WARN_UNUSED_FUNCTION = YES;
				GCC_WARN_UNUSED_VARIABLE = YES;
				IPHONEOS_DEPLOYMENT_TARGET = 15.4;
				MTL_ENABLE_DEBUG_INFO = NO;
				MTL_FAST_MATH = YES;
				SDKROOT = iphoneos;
				SWIFT_COMPILATION_MODE = wholemodule;
				SWIFT_OPTIMIZATION_LEVEL = "-O";
				VALIDATE_PRODUCT = YES;
			};
			name = Release;
		};
		AD554DCE2827B6D7006DF648 /* Debug */ = {
			isa = XCBuildConfiguration;
			buildSettings = {
				ASSETCATALOG_COMPILER_APPICON_NAME = AppIcon;
				ASSETCATALOG_COMPILER_GLOBAL_ACCENT_COLOR_NAME = AccentColor;
				CODE_SIGN_STYLE = Automatic;
				CURRENT_PROJECT_VERSION = 1;
				DEVELOPMENT_ASSET_PATHS = "\"InstagramCloneTutorial/Preview Content\"";
				DEVELOPMENT_TEAM = XW758S68BG;
				ENABLE_PREVIEWS = YES;
				GENERATE_INFOPLIST_FILE = YES;
				INFOPLIST_KEY_UIApplicationSceneManifest_Generation = YES;
				INFOPLIST_KEY_UIApplicationSupportsIndirectInputEvents = YES;
				INFOPLIST_KEY_UILaunchScreen_Generation = YES;
				INFOPLIST_KEY_UISupportedInterfaceOrientations_iPad = "UIInterfaceOrientationPortrait UIInterfaceOrientationPortraitUpsideDown UIInterfaceOrientationLandscapeLeft UIInterfaceOrientationLandscapeRight";
				INFOPLIST_KEY_UISupportedInterfaceOrientations_iPhone = "UIInterfaceOrientationPortrait UIInterfaceOrientationLandscapeLeft UIInterfaceOrientationLandscapeRight";
				LD_RUNPATH_SEARCH_PATHS = (
					"$(inherited)",
					"@executable_path/Frameworks",
				);
				MARKETING_VERSION = 1.0;
				PRODUCT_BUNDLE_IDENTIFIER = com.mrxx7.InstagramCloneTutorial;
				PRODUCT_NAME = "$(TARGET_NAME)";
				SWIFT_EMIT_LOC_STRINGS = YES;
				SWIFT_VERSION = 5.0;
				TARGETED_DEVICE_FAMILY = "1,2";
			};
			name = Debug;
		};
		AD554DCF2827B6D7006DF648 /* Release */ = {
			isa = XCBuildConfiguration;
			buildSettings = {
				ASSETCATALOG_COMPILER_APPICON_NAME = AppIcon;
				ASSETCATALOG_COMPILER_GLOBAL_ACCENT_COLOR_NAME = AccentColor;
				CODE_SIGN_STYLE = Automatic;
				CURRENT_PROJECT_VERSION = 1;
				DEVELOPMENT_ASSET_PATHS = "\"InstagramCloneTutorial/Preview Content\"";
				DEVELOPMENT_TEAM = XW758S68BG;
				ENABLE_PREVIEWS = YES;
				GENERATE_INFOPLIST_FILE = YES;
				INFOPLIST_KEY_UIApplicationSceneManifest_Generation = YES;
				INFOPLIST_KEY_UIApplicationSupportsIndirectInputEvents = YES;
				INFOPLIST_KEY_UILaunchScreen_Generation = YES;
				INFOPLIST_KEY_UISupportedInterfaceOrientations_iPad = "UIInterfaceOrientationPortrait UIInterfaceOrientationPortraitUpsideDown UIInterfaceOrientationLandscapeLeft UIInterfaceOrientationLandscapeRight";
				INFOPLIST_KEY_UISupportedInterfaceOrientations_iPhone = "UIInterfaceOrientationPortrait UIInterfaceOrientationLandscapeLeft UIInterfaceOrientationLandscapeRight";
				LD_RUNPATH_SEARCH_PATHS = (
					"$(inherited)",
					"@executable_path/Frameworks",
				);
				MARKETING_VERSION = 1.0;
				PRODUCT_BUNDLE_IDENTIFIER = com.mrxx7.InstagramCloneTutorial;
				PRODUCT_NAME = "$(TARGET_NAME)";
				SWIFT_EMIT_LOC_STRINGS = YES;
				SWIFT_VERSION = 5.0;
				TARGETED_DEVICE_FAMILY = "1,2";
			};
			name = Release;
		};
/* End XCBuildConfiguration section */

/* Begin XCConfigurationList section */
		AD554DBA2827B6D4006DF648 /* Build configuration list for PBXProject "InstagramCloneTutorial" */ = {
			isa = XCConfigurationList;
			buildConfigurations = (
				AD554DCB2827B6D7006DF648 /* Debug */,
				AD554DCC2827B6D7006DF648 /* Release */,
			);
			defaultConfigurationIsVisible = 0;
			defaultConfigurationName = Release;
		};
		AD554DCD2827B6D7006DF648 /* Build configuration list for PBXNativeTarget "InstagramCloneTutorial" */ = {
			isa = XCConfigurationList;
			buildConfigurations = (
				AD554DCE2827B6D7006DF648 /* Debug */,
				AD554DCF2827B6D7006DF648 /* Release */,
			);
			defaultConfigurationIsVisible = 0;
			defaultConfigurationName = Release;
		};
/* End XCConfigurationList section */

/* Begin XCRemoteSwiftPackageReference section */
		AD554DDA2827DE98006DF648 /* XCRemoteSwiftPackageReference "firebase-ios-sdk" */ = {
			isa = XCRemoteSwiftPackageReference;
			repositoryURL = "https://github.com/firebase/firebase-ios-sdk.git";
			requirement = {
				branch = master;
				kind = branch;
			};
		};
		AD554DE52827DF1E006DF648 /* XCRemoteSwiftPackageReference "Kingfisher" */ = {
			isa = XCRemoteSwiftPackageReference;
			repositoryURL = "https://github.com/onevcat/Kingfisher.git";
			requirement = {
				branch = master;
				kind = branch;
			};
		};
/* End XCRemoteSwiftPackageReference section */

/* Begin XCSwiftPackageProductDependency section */
		AD554DDB2827DE98006DF648 /* FirebaseAuth */ = {
			isa = XCSwiftPackageProductDependency;
			package = AD554DDA2827DE98006DF648 /* XCRemoteSwiftPackageReference "firebase-ios-sdk" */;
			productName = FirebaseAuth;
		};
		AD554DDD2827DE98006DF648 /* FirebaseDatabase */ = {
			isa = XCSwiftPackageProductDependency;
			package = AD554DDA2827DE98006DF648 /* XCRemoteSwiftPackageReference "firebase-ios-sdk" */;
			productName = FirebaseDatabase;
		};
		AD554DDF2827DE98006DF648 /* FirebaseFirestore */ = {
			isa = XCSwiftPackageProductDependency;
			package = AD554DDA2827DE98006DF648 /* XCRemoteSwiftPackageReference "firebase-ios-sdk" */;
			productName = FirebaseFirestore;
		};
		AD554DE12827DE98006DF648 /* FirebaseFirestoreSwift */ = {
			isa = XCSwiftPackageProductDependency;
			package = AD554DDA2827DE98006DF648 /* XCRemoteSwiftPackageReference "firebase-ios-sdk" */;
			productName = FirebaseFirestoreSwift;
		};
		AD554DE32827DE98006DF648 /* FirebaseStorage */ = {
			isa = XCSwiftPackageProductDependency;
			package = AD554DDA2827DE98006DF648 /* XCRemoteSwiftPackageReference "firebase-ios-sdk" */;
			productName = FirebaseStorage;
		};
		AD554DE62827DF1F006DF648 /* Kingfisher */ = {
			isa = XCSwiftPackageProductDependency;
			package = AD554DE52827DF1E006DF648 /* XCRemoteSwiftPackageReference "Kingfisher" */;
			productName = Kingfisher;
		};
/* End XCSwiftPackageProductDependency section */
	};
	rootObject = AD554DB72827B6D4006DF648 /* Project object */;
}
